// !$*UTF8*$!
{
	archiveVersion = 1;
	classes = {
	};
	objectVersion = 46;
	objects = {

/* Begin PBXBuildFile section */
		13C4B9BA1A14A20000657E58 /* AppDelegate.swift in Sources */ = {isa = PBXBuildFile; fileRef = 13C4B9B91A14A20000657E58 /* AppDelegate.swift */; };
		13C4B9BC1A14A20000657E58 /* ViewController.swift in Sources */ = {isa = PBXBuildFile; fileRef = 13C4B9BB1A14A20000657E58 /* ViewController.swift */; };
		13C4B9BF1A14A20000657E58 /* Main.storyboard in Resources */ = {isa = PBXBuildFile; fileRef = 13C4B9BD1A14A20000657E58 /* Main.storyboard */; };
		13C4B9C11A14A20000657E58 /* Images.xcassets in Resources */ = {isa = PBXBuildFile; fileRef = 13C4B9C01A14A20000657E58 /* Images.xcassets */; };
		13C4B9C41A14A20000657E58 /* LaunchScreen.xib in Resources */ = {isa = PBXBuildFile; fileRef = 13C4B9C21A14A20000657E58 /* LaunchScreen.xib */; };
		13C4B9D01A14A20000657E58 /* REABotTests.swift in Sources */ = {isa = PBXBuildFile; fileRef = 13C4B9CF1A14A20000657E58 /* REABotTests.swift */; };
/* End PBXBuildFile section */

/* Begin PBXContainerItemProxy section */
		13C4B9CA1A14A20000657E58 /* PBXContainerItemProxy */ = {
			isa = PBXContainerItemProxy;
			containerPortal = 13C4B9AC1A14A20000657E58 /* Project object */;
			proxyType = 1;
			remoteGlobalIDString = 13C4B9B31A14A20000657E58;
			remoteInfo = REABot;
		};
/* End PBXContainerItemProxy section */

/* Begin PBXFileReference section */
		13C4B9B41A14A20000657E58 /* REABot.app */ = {isa = PBXFileReference; explicitFileType = wrapper.application; includeInIndex = 0; path = REABot.app; sourceTree = BUILT_PRODUCTS_DIR; };
		13C4B9B81A14A20000657E58 /* Info.plist */ = {isa = PBXFileReference; lastKnownFileType = text.plist.xml; path = Info.plist; sourceTree = "<group>"; };
		13C4B9B91A14A20000657E58 /* AppDelegate.swift */ = {isa = PBXFileReference; lastKnownFileType = sourcecode.swift; path = AppDelegate.swift; sourceTree = "<group>"; };
		13C4B9BB1A14A20000657E58 /* ViewController.swift */ = {isa = PBXFileReference; lastKnownFileType = sourcecode.swift; path = ViewController.swift; sourceTree = "<group>"; };
		13C4B9BE1A14A20000657E58 /* Base */ = {isa = PBXFileReference; lastKnownFileType = file.storyboard; name = Base; path = Base.lproj/Main.storyboard; sourceTree = "<group>"; };
		13C4B9C01A14A20000657E58 /* Images.xcassets */ = {isa = PBXFileReference; lastKnownFileType = folder.assetcatalog; path = Images.xcassets; sourceTree = "<group>"; };
		13C4B9C31A14A20000657E58 /* Base */ = {isa = PBXFileReference; lastKnownFileType = file.xib; name = Base; path = Base.lproj/LaunchScreen.xib; sourceTree = "<group>"; };
		13C4B9C91A14A20000657E58 /* REABotTests.xctest */ = {isa = PBXFileReference; explicitFileType = wrapper.cfbundle; includeInIndex = 0; path = REABotTests.xctest; sourceTree = BUILT_PRODUCTS_DIR; };
		13C4B9CE1A14A20000657E58 /* Info.plist */ = {isa = PBXFileReference; lastKnownFileType = text.plist.xml; path = Info.plist; sourceTree = "<group>"; };
		13C4B9CF1A14A20000657E58 /* REABotTests.swift */ = {isa = PBXFileReference; lastKnownFileType = sourcecode.swift; path = REABotTests.swift; sourceTree = "<group>"; };
/* End PBXFileReference section */

/* Begin PBXFrameworksBuildPhase section */
		13C4B9B11A14A20000657E58 /* Frameworks */ = {
			isa = PBXFrameworksBuildPhase;
			buildActionMask = 2147483647;
			files = (
			);
			runOnlyForDeploymentPostprocessing = 0;
		};
		13C4B9C61A14A20000657E58 /* Frameworks */ = {
			isa = PBXFrameworksBuildPhase;
			buildActionMask = 2147483647;
			files = (
			);
			runOnlyForDeploymentPostprocessing = 0;
		};
/* End PBXFrameworksBuildPhase section */

/* Begin PBXGroup section */
		13C4B9AB1A14A20000657E58 = {
			isa = PBXGroup;
			children = (
				13C4B9B61A14A20000657E58 /* REABot */,
				13C4B9CC1A14A20000657E58 /* REABotTests */,
				13C4B9B51A14A20000657E58 /* Products */,
			);
			sourceTree = "<group>";
		};
		13C4B9B51A14A20000657E58 /* Products */ = {
			isa = PBXGroup;
			children = (
				13C4B9B41A14A20000657E58 /* REABot.app */,
				13C4B9C91A14A20000657E58 /* REABotTests.xctest */,
			);
			name = Products;
			sourceTree = "<group>";
		};
		13C4B9B61A14A20000657E58 /* REABot */ = {
			isa = PBXGroup;
			children = (
				13C4B9B91A14A20000657E58 /* AppDelegate.swift */,
				13C4B9BB1A14A20000657E58 /* ViewController.swift */,
				13C4B9BD1A14A20000657E58 /* Main.storyboard */,
				13C4B9C01A14A20000657E58 /* Images.xcassets */,
				13C4B9C21A14A20000657E58 /* LaunchScreen.xib */,
				13C4B9B71A14A20000657E58 /* Supporting Files */,
			);
			path = REABot;
			sourceTree = "<group>";
		};
		13C4B9B71A14A20000657E58 /* Supporting Files */ = {
			isa = PBXGroup;
			children = (
				13C4B9B81A14A20000657E58 /* Info.plist */,
			);
			name = "Supporting Files";
			sourceTree = "<group>";
		};
		13C4B9CC1A14A20000657E58 /* REABotTests */ = {
			isa = PBXGroup;
			children = (
				13C4B9CF1A14A20000657E58 /* REABotTests.swift */,
				13C4B9CD1A14A20000657E58 /* Supporting Files */,
			);
			path = REABotTests;
			sourceTree = "<group>";
		};
		13C4B9CD1A14A20000657E58 /* Supporting Files */ = {
			isa = PBXGroup;
			children = (
				13C4B9CE1A14A20000657E58 /* Info.plist */,
			);
			name = "Supporting Files";
			sourceTree = "<group>";
		};
/* End PBXGroup section */

/* Begin PBXNativeTarget section */
		13C4B9B31A14A20000657E58 /* REABot */ = {
			isa = PBXNativeTarget;
			buildConfigurationList = 13C4B9D31A14A20000657E58 /* Build configuration list for PBXNativeTarget "REABot" */;
			buildPhases = (
				13C4B9B01A14A20000657E58 /* Sources */,
				13C4B9B11A14A20000657E58 /* Frameworks */,
				13C4B9B21A14A20000657E58 /* Resources */,
			);
			buildRules = (
			);
			dependencies = (
			);
			name = REABot;
			productName = REABot;
			productReference = 13C4B9B41A14A20000657E58 /* REABot.app */;
			productType = "com.apple.product-type.application";
		};
		13C4B9C81A14A20000657E58 /* REABotTests */ = {
			isa = PBXNativeTarget;
			buildConfigurationList = 13C4B9D61A14A20000657E58 /* Build configuration list for PBXNativeTarget "REABotTests" */;
			buildPhases = (
				13C4B9C51A14A20000657E58 /* Sources */,
				13C4B9C61A14A20000657E58 /* Frameworks */,
				13C4B9C71A14A20000657E58 /* Resources */,
			);
			buildRules = (
			);
			dependencies = (
				13C4B9CB1A14A20000657E58 /* PBXTargetDependency */,
			);
			name = REABotTests;
			productName = REABotTests;
			productReference = 13C4B9C91A14A20000657E58 /* REABotTests.xctest */;
			productType = "com.apple.product-type.bundle.unit-test";
		};
/* End PBXNativeTarget section */

/* Begin PBXProject section */
		13C4B9AC1A14A20000657E58 /* Project object */ = {
			isa = PBXProject;
			attributes = {
				LastUpgradeCheck = 0610;
				ORGANIZATIONNAME = Wotif;
				TargetAttributes = {
					13C4B9B31A14A20000657E58 = {
						CreatedOnToolsVersion = 6.1;
					};
					13C4B9C81A14A20000657E58 = {
						CreatedOnToolsVersion = 6.1;
						TestTargetID = 13C4B9B31A14A20000657E58;
					};
				};
			};
			buildConfigurationList = 13C4B9AF1A14A20000657E58 /* Build configuration list for PBXProject "REABot" */;
			compatibilityVersion = "Xcode 3.2";
			developmentRegion = English;
			hasScannedForEncodings = 0;
			knownRegions = (
				en,
				Base,
			);
			mainGroup = 13C4B9AB1A14A20000657E58;
			productRefGroup = 13C4B9B51A14A20000657E58 /* Products */;
			projectDirPath = "";
			projectRoot = "";
			targets = (
				13C4B9B31A14A20000657E58 /* REABot */,
				13C4B9C81A14A20000657E58 /* REABotTests */,
			);
		};
/* End PBXProject section */

/* Begin PBXResourcesBuildPhase section */
		13C4B9B21A14A20000657E58 /* Resources */ = {
			isa = PBXResourcesBuildPhase;
			buildActionMask = 2147483647;
			files = (
				13C4B9BF1A14A20000657E58 /* Main.storyboard in Resources */,
				13C4B9C41A14A20000657E58 /* LaunchScreen.xib in Resources */,
				13C4B9C11A14A20000657E58 /* Images.xcassets in Resources */,
			);
			runOnlyForDeploymentPostprocessing = 0;
		};
		13C4B9C71A14A20000657E58 /* Resources */ = {
			isa = PBXResourcesBuildPhase;
			buildActionMask = 2147483647;
			files = (
			);
			runOnlyForDeploymentPostprocessing = 0;
		};
/* End PBXResourcesBuildPhase section */

/* Begin PBXSourcesBuildPhase section */
		13C4B9B01A14A20000657E58 /* Sources */ = {
			isa = PBXSourcesBuildPhase;
			buildActionMask = 2147483647;
			files = (
				13C4B9BC1A14A20000657E58 /* ViewController.swift in Sources */,
				13C4B9BA1A14A20000657E58 /* AppDelegate.swift in Sources */,
			);
			runOnlyForDeploymentPostprocessing = 0;
		};
		13C4B9C51A14A20000657E58 /* Sources */ = {
			isa = PBXSourcesBuildPhase;
			buildActionMask = 2147483647;
			files = (
				13C4B9D01A14A20000657E58 /* REABotTests.swift in Sources */,
			);
			runOnlyForDeploymentPostprocessing = 0;
		};
/* End PBXSourcesBuildPhase section */

/* Begin PBXTargetDependency section */
		13C4B9CB1A14A20000657E58 /* PBXTargetDependency */ = {
			isa = PBXTargetDependency;
			target = 13C4B9B31A14A20000657E58 /* REABot */;
			targetProxy = 13C4B9CA1A14A20000657E58 /* PBXContainerItemProxy */;
		};
/* End PBXTargetDependency section */

/* Begin PBXVariantGroup section */
		13C4B9BD1A14A20000657E58 /* Main.storyboard */ = {
			isa = PBXVariantGroup;
			children = (
				13C4B9BE1A14A20000657E58 /* Base */,
			);
			name = Main.storyboard;
			sourceTree = "<group>";
		};
		13C4B9C21A14A20000657E58 /* LaunchScreen.xib */ = {
			isa = PBXVariantGroup;
			children = (
				13C4B9C31A14A20000657E58 /* Base */,
			);
			name = LaunchScreen.xib;
			sourceTree = "<group>";
		};
/* End PBXVariantGroup section */

/* Begin XCBuildConfiguration section */
		13C4B9D11A14A20000657E58 /* Debug */ = {
			isa = XCBuildConfiguration;
			buildSettings = {
				ALWAYS_SEARCH_USER_PATHS = NO;
				CLANG_CXX_LANGUAGE_STANDARD = "gnu++0x";
				CLANG_CXX_LIBRARY = "libc++";
				CLANG_ENABLE_MODULES = YES;
				CLANG_ENABLE_OBJC_ARC = YES;
				CLANG_WARN_BOOL_CONVERSION = YES;
				CLANG_WARN_CONSTANT_CONVERSION = YES;
				CLANG_WARN_DIRECT_OBJC_ISA_USAGE = YES_ERROR;
				CLANG_WARN_EMPTY_BODY = YES;
				CLANG_WARN_ENUM_CONVERSION = YES;
				CLANG_WARN_INT_CONVERSION = YES;
				CLANG_WARN_OBJC_ROOT_CLASS = YES_ERROR;
				CLANG_WARN_UNREACHABLE_CODE = YES;
				CLANG_WARN__DUPLICATE_METHOD_MATCH = YES;
				"CODE_SIGN_IDENTITY[sdk=iphoneos*]" = "iPhone Developer";
				COPY_PHASE_STRIP = NO;
				ENABLE_STRICT_OBJC_MSGSEND = YES;
				GCC_C_LANGUAGE_STANDARD = gnu99;
				GCC_DYNAMIC_NO_PIC = NO;
				GCC_OPTIMIZATION_LEVEL = 0;
				GCC_PREPROCESSOR_DEFINITIONS = (
					"DEBUG=1",
					"$(inherited)",
				);
				GCC_SYMBOLS_PRIVATE_EXTERN = NO;
				GCC_WARN_64_TO_32_BIT_CONVERSION = YES;
				GCC_WARN_ABOUT_RETURN_TYPE = YES_ERROR;
				GCC_WARN_UNDECLARED_SELECTOR = YES;
				GCC_WARN_UNINITIALIZED_AUTOS = YES_AGGRESSIVE;
				GCC_WARN_UNUSED_FUNCTION = YES;
				GCC_WARN_UNUSED_VARIABLE = YES;
				IPHONEOS_DEPLOYMENT_TARGET = 8.1;
				MTL_ENABLE_DEBUG_INFO = YES;
				ONLY_ACTIVE_ARCH = YES;
				SDKROOT = iphoneos;
				SWIFT_OPTIMIZATION_LEVEL = "-Onone";
			};
			name = Debug;
		};
		13C4B9D21A14A20000657E58 /* Release */ = {
			isa = XCBuildConfiguration;
			buildSettings = {
				ALWAYS_SEARCH_USER_PATHS = NO;
				CLANG_CXX_LANGUAGE_STANDARD = "gnu++0x";
				CLANG_CXX_LIBRARY = "libc++";
				CLANG_ENABLE_MODULES = YES;
				CLANG_ENABLE_OBJC_ARC = YES;
				CLANG_WARN_BOOL_CONVERSION = YES;
				CLANG_WARN_CONSTANT_CONVERSION = YES;
				CLANG_WARN_DIRECT_OBJC_ISA_USAGE = YES_ERROR;
				CLANG_WARN_EMPTY_BODY = YES;
				CLANG_WARN_ENUM_CONVERSION = YES;
				CLANG_WARN_INT_CONVERSION = YES;
				CLANG_WARN_OBJC_ROOT_CLASS = YES_ERROR;
				CLANG_WARN_UNREACHABLE_CODE = YES;
				CLANG_WARN__DUPLICATE_METHOD_MATCH = YES;
				"CODE_SIGN_IDENTITY[sdk=iphoneos*]" = "iPhone Developer";
				COPY_PHASE_STRIP = YES;
				ENABLE_NS_ASSERTIONS = NO;
				ENABLE_STRICT_OBJC_MSGSEND = YES;
				GCC_C_LANGUAGE_STANDARD = gnu99;
				GCC_WARN_64_TO_32_BIT_CONVERSION = YES;
				GCC_WARN_ABOUT_RETURN_TYPE = YES_ERROR;
				GCC_WARN_UNDECLARED_SELECTOR = YES;
				GCC_WARN_UNINITIALIZED_AUTOS = YES_AGGRESSIVE;
				GCC_WARN_UNUSED_FUNCTION = YES;
				GCC_WARN_UNUSED_VARIABLE = YES;
				IPHONEOS_DEPLOYMENT_TARGET = 8.1;
				MTL_ENABLE_DEBUG_INFO = NO;
				SDKROOT = iphoneos;
				VALIDATE_PRODUCT = YES;
			};
			name = Release;
		};
		13C4B9D41A14A20000657E58 /* Debug */ = {
			isa = XCBuildConfiguration;
			buildSettings = {
				ASSETCATALOG_COMPILER_APPICON_NAME = AppIcon;
				INFOPLIST_FILE = REABot/Info.plist;
				LD_RUNPATH_SEARCH_PATHS = "$(inherited) @executable_path/Frameworks";
				PRODUCT_NAME = "$(TARGET_NAME)";
			};
			name = Debug;
		};
		13C4B9D51A14A20000657E58 /* Release */ = {
			isa = XCBuildConfiguration;
			buildSettings = {
				ASSETCATALOG_COMPILER_APPICON_NAME = AppIcon;
				INFOPLIST_FILE = REABot/Info.plist;
				LD_RUNPATH_SEARCH_PATHS = "$(inherited) @executable_path/Frameworks";
				PRODUCT_NAME = "$(TARGET_NAME)";
			};
			name = Release;
		};
		13C4B9D71A14A20000657E58 /* Debug */ = {
			isa = XCBuildConfiguration;
			buildSettings = {
				BUNDLE_LOADER = "$(TEST_HOST)";
				FRAMEWORK_SEARCH_PATHS = (
					"$(SDKROOT)/Developer/Library/Frameworks",
					"$(inherited)",
				);
				GCC_PREPROCESSOR_DEFINITIONS = (
					"DEBUG=1",
					"$(inherited)",
				);
				INFOPLIST_FILE = REABotTests/Info.plist;
				LD_RUNPATH_SEARCH_PATHS = "$(inherited) @executable_path/Frameworks @loader_path/Frameworks";
				PRODUCT_NAME = "$(TARGET_NAME)";
				TEST_HOST = "$(BUILT_PRODUCTS_DIR)/REABot.app/REABot";
			};
			name = Debug;
		};
		13C4B9D81A14A20000657E58 /* Release */ = {
			isa = XCBuildConfiguration;
			buildSettings = {
				BUNDLE_LOADER = "$(TEST_HOST)";
				FRAMEWORK_SEARCH_PATHS = (
					"$(SDKROOT)/Developer/Library/Frameworks",
					"$(inherited)",
				);
				INFOPLIST_FILE = REABotTests/Info.plist;
				LD_RUNPATH_SEARCH_PATHS = "$(inherited) @executable_path/Frameworks @loader_path/Frameworks";
				PRODUCT_NAME = "$(TARGET_NAME)";
				TEST_HOST = "$(BUILT_PRODUCTS_DIR)/REABot.app/REABot";
			};
			name = Release;
		};
/* End XCBuildConfiguration section */

/* Begin XCConfigurationList section */
		13C4B9AF1A14A20000657E58 /* Build configuration list for PBXProject "REABot" */ = {
			isa = XCConfigurationList;
			buildConfigurations = (
				13C4B9D11A14A20000657E58 /* Debug */,
				13C4B9D21A14A20000657E58 /* Release */,
			);
			defaultConfigurationIsVisible = 0;
			defaultConfigurationName = Release;
		};
		13C4B9D31A14A20000657E58 /* Build configuration list for PBXNativeTarget "REABot" */ = {
			isa = XCConfigurationList;
			buildConfigurations = (
				13C4B9D41A14A20000657E58 /* Debug */,
				13C4B9D51A14A20000657E58 /* Release */,
			);
			defaultConfigurationIsVisible = 0;
		};
		13C4B9D61A14A20000657E58 /* Build configuration list for PBXNativeTarget "REABotTests" */ = {
			isa = XCConfigurationList;
			buildConfigurations = (
				13C4B9D71A14A20000657E58 /* Debug */,
				13C4B9D81A14A20000657E58 /* Release */,
			);
			defaultConfigurationIsVisible = 0;
		};
/* End XCConfigurationList section */
	};
	rootObject = 13C4B9AC1A14A20000657E58 /* Project object */;
}
